github.com/davecgh/go-spew v1.1.1 h1:vj9j/u1bqnvCEfJOwUhtlOARqs3+rkHYY13jYWTU97c=
github.com/davecgh/go-spew v1.1.1/go.mod h1:J7Y8YcW2NihsgmVo/mv3lAwl/skON4iLHjSsI+c5H38=
github.com/libdns/libdns v1.1.0 h1:9ze/tWvt7Df6sbhOJRB8jT33GHEHpEQXdtkE3hPthbU=
github.com/libdns/libdns v1.1.0/go.mod h1:4Bj9+5CQiNMVGf87wjX4CY3HQJypUHRuLvlsfsZqLWQ=
github.com/luadns/luadns-go v0.2.1-0.20250528154901-abfe29c56fc5 h1:5lgikJGZB9cm8uSXxaOmez5WoaTSlvzK6TpjHVuZ4Uk=
github.com/luadns/luadns-go v0.2.1-0.20250528154901-abfe29c56fc5/go.mod h1:DmPXbrGMpynq1YNDpvgww3NP5Zf4wXM5raAbGrp5L+8=
github.com/luadns/luadns-go v0.3.0 h1:mN2yhFv/LnGvPw/HmvYUhXe+lc95oXUqjlYVeJeOJng=
github.com/luadns/luadns-go v0.3.0/go.mod h1:DmPXbrGMpynq1YNDpvgww3NP5Zf4wXM5raAbGrp5L+8=
github.com/pmezard/go-difflib v1.0.0 h1:4DBwDE0NGyQoBHbLQYPwSUPoCMWR5BEzIk/f1lZbAQM=
github.com/pmezard/go-difflib v1.0.0/go.mod h1:iKH77koFhYxTK1pcRnkKkqfTogsbg7gZNVY4sRDYZ/4=
github.com/stretchr/testify v1.8.4 h1:CcVxjf3Q8PM0mHUKJCdn+eZZtm5yQwehR5yeSVQQcUk=
github.com/stretchr/testify v1.8.4/go.mod h1:sz/lmYIOXD/1dqDmKjjqLyZ2RngseejIcXlSw2iwfAo=
gopkg.in/yaml.v3 v3.0.1 h1:fxVm/GzAzEWqLHuvctI91KS9hhNmmWOoWu0XTYJS7CA=
gopkg.in/yaml.v3 v3.0.1/go.mod h1:K4uyk7z7BCEPqu6E+C64Yfv1cQ7kz7rIZviUmN+EgEM=
